
Microsoft Visual Studio Solution File, Format Version 12.00
# Visual Studio Version 17
VisualStudioVersion = 17.4.33213.308
MinimumVisualStudioVersion = 10.0.40219.1
Project("{FAE04EC0-301F-11D3-BF4B-00C04F79EFBC}") = "DevCard_MVC", "DevCard_MVC\DevCard_MVC.csproj", "{5B3980EA-6807-4347-B80B-463620C6FD3F}"
EndProject
Global
	GlobalSection(SolutionConfigurationPlatforms) = preSolution
		Debug|Any CPU = Debug|Any CPU
		Release|Any CPU = Release|Any CPU
	EndGlobalSection
	GlobalSection(ProjectConfigurationPlatforms) = postSolution
		{5B3980EA-6807-4347-B80B-463620C6FD3F}.Debug|Any CPU.ActiveCfg = Debug|Any CPU
		{5B3980EA-6807-4347-B80B-463620C6FD3F}.Debug|Any CPU.Build.0 = Debug|Any CPU
		{5B3980EA-6807-4347-B80B-463620C6FD3F}.Release|Any CPU.ActiveCfg = Release|Any CPU
		{5B3980EA-6807-4347-B80B-463620C6FD3F}.Release|Any CPU.Build.0 = Release|Any CPU
	EndGlobalSection
	GlobalSection(SolutionProperties) = preSolution
		HideSolutionNode = FALSE
	EndGlobalSection
	GlobalSection(ExtensibilityGlobals) = postSolution
		SolutionGuid = {771AFCF9-9A52-46FA-97AD-5AF5584BA4EE}
	EndGlobalSection
EndGlobal
